// !$*UTF8*$!
{
	archiveVersion = 1;
	classes = {
	};
	objectVersion = 51;
	objects = {

/* Begin PBXBuildFile section */
		B426585E272849AF007B711A /* MockHandler.swift in Sources */ = {isa = PBXBuildFile; fileRef = B426585D272849AF007B711A /* MockHandler.swift */; };
		B495D4A9248652DF00AE9233 /* Types.swift in Sources */ = {isa = PBXBuildFile; fileRef = B495D4A7248652DF00AE9233 /* Types.swift */; };
		B49B5E4B24667F62008BF867 /* UTF8LineParser.swift in Sources */ = {isa = PBXBuildFile; fileRef = B49B5E4524667F43008BF867 /* UTF8LineParser.swift */; };
		B49B5E4C24667F62008BF867 /* EventParser.swift in Sources */ = {isa = PBXBuildFile; fileRef = B49B5E4624667F43008BF867 /* EventParser.swift */; };
		B49B5E4D24667F62008BF867 /* LDSwiftEventSource.swift in Sources */ = {isa = PBXBuildFile; fileRef = B49B5E4724667F43008BF867 /* LDSwiftEventSource.swift */; };
		B49B5E5824668031008BF867 /* EventParserTests.swift in Sources */ = {isa = PBXBuildFile; fileRef = B49B5E4024667F43008BF867 /* EventParserTests.swift */; };
		B49B5E5A24668031008BF867 /* UTF8LineParserTests.swift in Sources */ = {isa = PBXBuildFile; fileRef = B49B5E4224667F43008BF867 /* UTF8LineParserTests.swift */; };
		B49B5E5B24668031008BF867 /* LDSwiftEventSourceTests.swift in Sources */ = {isa = PBXBuildFile; fileRef = B49B5E4324667F43008BF867 /* LDSwiftEventSourceTests.swift */; };
		B49B5E67246684B9008BF867 /* LDSwiftEventSource.h in Headers */ = {isa = PBXBuildFile; fileRef = B49B5E65246684B9008BF867 /* LDSwiftEventSource.h */; settings = {ATTRIBUTES = (Public, ); }; };
		B49B5E72246C4796008BF867 /* LDSwiftEventSource.framework in Frameworks */ = {isa = PBXBuildFile; fileRef = B49B5DFC24667D41008BF867 /* LDSwiftEventSource.framework */; };
		B4BCAE6E272753FA000EBD43 /* TestUtil.swift in Sources */ = {isa = PBXBuildFile; fileRef = B4BCAE6D272753FA000EBD43 /* TestUtil.swift */; };
		B4C29CC826FF743D008B6DE2 /* Logs.swift in Sources */ = {isa = PBXBuildFile; fileRef = B4C29CC726FF743C008B6DE2 /* Logs.swift */; };
/* End PBXBuildFile section */

/* Begin PBXContainerItemProxy section */
		B49B5E0624667D42008BF867 /* PBXContainerItemProxy */ = {
			isa = PBXContainerItemProxy;
			containerPortal = B49B5DB824667C44008BF867 /* Project object */;
			proxyType = 1;
			remoteGlobalIDString = B49B5DFB24667D41008BF867;
			remoteInfo = "LDSwiftEventSource macOS";
		};
/* End PBXContainerItemProxy section */

/* Begin PBXFileReference section */
		B426585D272849AF007B711A /* MockHandler.swift */ = {isa = PBXFileReference; lastKnownFileType = sourcecode.swift; path = MockHandler.swift; sourceTree = "<group>"; };
		B495D4A7248652DF00AE9233 /* Types.swift */ = {isa = PBXFileReference; lastKnownFileType = sourcecode.swift; path = Types.swift; sourceTree = "<group>"; };
		B49B5DE324667D06008BF867 /* Info.plist */ = {isa = PBXFileReference; lastKnownFileType = text.plist.xml; path = Info.plist; sourceTree = "<group>"; };
		B49B5DFC24667D41008BF867 /* LDSwiftEventSource.framework */ = {isa = PBXFileReference; explicitFileType = wrapper.framework; includeInIndex = 0; path = LDSwiftEventSource.framework; sourceTree = BUILT_PRODUCTS_DIR; };
		B49B5E0424667D42008BF867 /* LDSwiftEventSource Tests.xctest */ = {isa = PBXFileReference; explicitFileType = wrapper.cfbundle; includeInIndex = 0; path = "LDSwiftEventSource Tests.xctest"; sourceTree = BUILT_PRODUCTS_DIR; };
		B49B5E4024667F43008BF867 /* EventParserTests.swift */ = {isa = PBXFileReference; lastKnownFileType = sourcecode.swift; path = EventParserTests.swift; sourceTree = "<group>"; };
		B49B5E4224667F43008BF867 /* UTF8LineParserTests.swift */ = {isa = PBXFileReference; lastKnownFileType = sourcecode.swift; path = UTF8LineParserTests.swift; sourceTree = "<group>"; };
		B49B5E4324667F43008BF867 /* LDSwiftEventSourceTests.swift */ = {isa = PBXFileReference; lastKnownFileType = sourcecode.swift; path = LDSwiftEventSourceTests.swift; sourceTree = "<group>"; };
		B49B5E4524667F43008BF867 /* UTF8LineParser.swift */ = {isa = PBXFileReference; lastKnownFileType = sourcecode.swift; path = UTF8LineParser.swift; sourceTree = "<group>"; };
		B49B5E4624667F43008BF867 /* EventParser.swift */ = {isa = PBXFileReference; lastKnownFileType = sourcecode.swift; path = EventParser.swift; sourceTree = "<group>"; };
		B49B5E4724667F43008BF867 /* LDSwiftEventSource.swift */ = {isa = PBXFileReference; lastKnownFileType = sourcecode.swift; path = LDSwiftEventSource.swift; sourceTree = "<group>"; };
		B49B5E65246684B9008BF867 /* LDSwiftEventSource.h */ = {isa = PBXFileReference; lastKnownFileType = sourcecode.c.h; path = LDSwiftEventSource.h; sourceTree = "<group>"; };
		B49B5E6B2466875F008BF867 /* LDSwiftEventSource.podspec */ = {isa = PBXFileReference; lastKnownFileType = text; path = LDSwiftEventSource.podspec; sourceTree = "<group>"; };
		B49B5E6C2466875F008BF867 /* CHANGELOG.md */ = {isa = PBXFileReference; lastKnownFileType = net.daringfireball.markdown; path = CHANGELOG.md; sourceTree = "<group>"; };
		B49B5E6D2466875F008BF867 /* CONTRIBUTING.md */ = {isa = PBXFileReference; lastKnownFileType = net.daringfireball.markdown; path = CONTRIBUTING.md; sourceTree = "<group>"; };
		B49B5E6E2466875F008BF867 /* LICENSE.txt */ = {isa = PBXFileReference; lastKnownFileType = text; path = LICENSE.txt; sourceTree = "<group>"; };
		B49B5E6F2466875F008BF867 /* README.md */ = {isa = PBXFileReference; lastKnownFileType = net.daringfireball.markdown; path = README.md; sourceTree = "<group>"; };
		B49B5E702466875F008BF867 /* Package.swift */ = {isa = PBXFileReference; lastKnownFileType = sourcecode.swift; path = Package.swift; sourceTree = "<group>"; };
		B4BCAE6D272753FA000EBD43 /* TestUtil.swift */ = {isa = PBXFileReference; lastKnownFileType = sourcecode.swift; path = TestUtil.swift; sourceTree = "<group>"; };
		B4C29CC726FF743C008B6DE2 /* Logs.swift */ = {isa = PBXFileReference; lastKnownFileType = sourcecode.swift; path = Logs.swift; sourceTree = "<group>"; };
/* End PBXFileReference section */

/* Begin PBXFrameworksBuildPhase section */
		B49B5DF924667D41008BF867 /* Frameworks */ = {
			isa = PBXFrameworksBuildPhase;
			buildActionMask = 2147483647;
			files = (
			);
			runOnlyForDeploymentPostprocessing = 0;
		};
		B49B5E0124667D42008BF867 /* Frameworks */ = {
			isa = PBXFrameworksBuildPhase;
			buildActionMask = 2147483647;
			files = (
				B49B5E72246C4796008BF867 /* LDSwiftEventSource.framework in Frameworks */,
			);
			runOnlyForDeploymentPostprocessing = 0;
		};
/* End PBXFrameworksBuildPhase section */

/* Begin PBXGroup section */
		B49B5DB724667C44008BF867 = {
			isa = PBXGroup;
			children = (
				B49B5E6A2466873F008BF867 /* Misc */,
				B49B5E4424667F43008BF867 /* Source */,
				B49B5E3F24667F43008BF867 /* Tests */,
				B49B5DC224667C44008BF867 /* Products */,
			);
			sourceTree = "<group>";
		};
		B49B5DC224667C44008BF867 /* Products */ = {
			isa = PBXGroup;
			children = (
				B49B5DFC24667D41008BF867 /* LDSwiftEventSource.framework */,
				B49B5E0424667D42008BF867 /* LDSwiftEventSource Tests.xctest */,
			);
			name = Products;
			sourceTree = "<group>";
		};
		B49B5E3F24667F43008BF867 /* Tests */ = {
			isa = PBXGroup;
			children = (
				B49B5E4024667F43008BF867 /* EventParserTests.swift */,
				B49B5E4224667F43008BF867 /* UTF8LineParserTests.swift */,
				B49B5E4324667F43008BF867 /* LDSwiftEventSourceTests.swift */,
				B4BCAE6D272753FA000EBD43 /* TestUtil.swift */,
				B426585D272849AF007B711A /* MockHandler.swift */,
			);
			path = Tests;
			sourceTree = "<group>";
		};
		B49B5E4424667F43008BF867 /* Source */ = {
			isa = PBXGroup;
			children = (
				B49B5DE324667D06008BF867 /* Info.plist */,
				B49B5E4524667F43008BF867 /* UTF8LineParser.swift */,
				B49B5E4624667F43008BF867 /* EventParser.swift */,
				B49B5E4724667F43008BF867 /* LDSwiftEventSource.swift */,
				B49B5E65246684B9008BF867 /* LDSwiftEventSource.h */,
				B495D4A7248652DF00AE9233 /* Types.swift */,
				B4C29CC726FF743C008B6DE2 /* Logs.swift */,
			);
			path = Source;
			sourceTree = "<group>";
		};
		B49B5E6A2466873F008BF867 /* Misc */ = {
			isa = PBXGroup;
			children = (
				B49B5E6C2466875F008BF867 /* CHANGELOG.md */,
				B49B5E6D2466875F008BF867 /* CONTRIBUTING.md */,
				B49B5E6B2466875F008BF867 /* LDSwiftEventSource.podspec */,
				B49B5E6E2466875F008BF867 /* LICENSE.txt */,
				B49B5E702466875F008BF867 /* Package.swift */,
				B49B5E6F2466875F008BF867 /* README.md */,
			);
			name = Misc;
			sourceTree = "<group>";
		};
/* End PBXGroup section */

/* Begin PBXHeadersBuildPhase section */
		B49B5DF724667D41008BF867 /* Headers */ = {
			isa = PBXHeadersBuildPhase;
			buildActionMask = 2147483647;
			files = (
				B49B5E67246684B9008BF867 /* LDSwiftEventSource.h in Headers */,
			);
			runOnlyForDeploymentPostprocessing = 0;
		};
/* End PBXHeadersBuildPhase section */

/* Begin PBXNativeTarget section */
		B49B5DFB24667D41008BF867 /* LDSwiftEventSource */ = {
			isa = PBXNativeTarget;
			buildConfigurationList = B49B5E0D24667D42008BF867 /* Build configuration list for PBXNativeTarget "LDSwiftEventSource" */;
			buildPhases = (
				B46C1C6B24CF348B00283630 /* Linter Script */,
				B49B5DF724667D41008BF867 /* Headers */,
				B49B5DF824667D41008BF867 /* Sources */,
				B49B5DF924667D41008BF867 /* Frameworks */,
				B49B5DFA24667D41008BF867 /* Resources */,
			);
			buildRules = (
			);
			dependencies = (
			);
			name = LDSwiftEventSource;
			productName = "LDSwiftEventSource macOS";
			productReference = B49B5DFC24667D41008BF867 /* LDSwiftEventSource.framework */;
			productType = "com.apple.product-type.framework";
		};
		B49B5E0324667D42008BF867 /* LDSwiftEventSource Tests */ = {
			isa = PBXNativeTarget;
			buildConfigurationList = B49B5E1024667D42008BF867 /* Build configuration list for PBXNativeTarget "LDSwiftEventSource Tests" */;
			buildPhases = (
				B49B5E0024667D42008BF867 /* Sources */,
				B49B5E0124667D42008BF867 /* Frameworks */,
				B49B5E0224667D42008BF867 /* Resources */,
			);
			buildRules = (
			);
			dependencies = (
				B49B5E0724667D42008BF867 /* PBXTargetDependency */,
			);
			name = "LDSwiftEventSource Tests";
			productName = "LDSwiftEventSource macOSTests";
			productReference = B49B5E0424667D42008BF867 /* LDSwiftEventSource Tests.xctest */;
			productType = "com.apple.product-type.bundle.unit-test";
		};
/* End PBXNativeTarget section */

/* Begin PBXProject section */
		B49B5DB824667C44008BF867 /* Project object */ = {
			isa = PBXProject;
			attributes = {
				LastSwiftUpdateCheck = 1140;
				LastUpgradeCheck = 1140;
				ORGANIZATIONNAME = LaunchDarkly;
				TargetAttributes = {
					B49B5DFB24667D41008BF867 = {
						CreatedOnToolsVersion = 11.4;
					};
					B49B5E0324667D42008BF867 = {
						CreatedOnToolsVersion = 11.4;
					};
				};
			};
			buildConfigurationList = B49B5DBB24667C44008BF867 /* Build configuration list for PBXProject "LDSwiftEventSource" */;
			compatibilityVersion = "Xcode 10.0";
			developmentRegion = en;
			hasScannedForEncodings = 0;
			knownRegions = (
				en,
				Base,
			);
			mainGroup = B49B5DB724667C44008BF867;
			productRefGroup = B49B5DC224667C44008BF867 /* Products */;
			projectDirPath = "";
			projectRoot = "";
			targets = (
				B49B5DFB24667D41008BF867 /* LDSwiftEventSource */,
				B49B5E0324667D42008BF867 /* LDSwiftEventSource Tests */,
			);
		};
/* End PBXProject section */

/* Begin PBXResourcesBuildPhase section */
		B49B5DFA24667D41008BF867 /* Resources */ = {
			isa = PBXResourcesBuildPhase;
			buildActionMask = 2147483647;
			files = (
			);
			runOnlyForDeploymentPostprocessing = 0;
		};
		B49B5E0224667D42008BF867 /* Resources */ = {
			isa = PBXResourcesBuildPhase;
			buildActionMask = 2147483647;
			files = (
			);
			runOnlyForDeploymentPostprocessing = 0;
		};
/* End PBXResourcesBuildPhase section */

/* Begin PBXShellScriptBuildPhase section */
		B46C1C6B24CF348B00283630 /* Linter Script */ = {
			isa = PBXShellScriptBuildPhase;
			buildActionMask = 2147483647;
			files = (
			);
			inputFileListPaths = (
			);
			inputPaths = (
			);
			name = "Linter Script";
			outputFileListPaths = (
			);
			outputPaths = (
			);
			runOnlyForDeploymentPostprocessing = 0;
			shellPath = /bin/sh;
			shellScript = "echo `pwd`\nif which mint >/dev/null; then\n  /usr/bin/xcrun --sdk macosx mint run realm/SwiftLint\nelse\n  echo \"warning: mint not installed, available from https://github.com/yonaskolb/Mint\"\nfi\n";
			showEnvVarsInLog = 0;
		};
/* End PBXShellScriptBuildPhase section */

/* Begin PBXSourcesBuildPhase section */
		B49B5DF824667D41008BF867 /* Sources */ = {
			isa = PBXSourcesBuildPhase;
			buildActionMask = 2147483647;
			files = (
				B49B5E4B24667F62008BF867 /* UTF8LineParser.swift in Sources */,
				B4C29CC826FF743D008B6DE2 /* Logs.swift in Sources */,
				B495D4A9248652DF00AE9233 /* Types.swift in Sources */,
				B49B5E4C24667F62008BF867 /* EventParser.swift in Sources */,
				B49B5E4D24667F62008BF867 /* LDSwiftEventSource.swift in Sources */,
			);
			runOnlyForDeploymentPostprocessing = 0;
		};
		B49B5E0024667D42008BF867 /* Sources */ = {
			isa = PBXSourcesBuildPhase;
			buildActionMask = 2147483647;
			files = (
				B49B5E5824668031008BF867 /* EventParserTests.swift in Sources */,
				B49B5E5A24668031008BF867 /* UTF8LineParserTests.swift in Sources */,
				B426585E272849AF007B711A /* MockHandler.swift in Sources */,
				B49B5E5B24668031008BF867 /* LDSwiftEventSourceTests.swift in Sources */,
				B4BCAE6E272753FA000EBD43 /* TestUtil.swift in Sources */,
			);
			runOnlyForDeploymentPostprocessing = 0;
		};
/* End PBXSourcesBuildPhase section */

/* Begin PBXTargetDependency section */
		B49B5E0724667D42008BF867 /* PBXTargetDependency */ = {
			isa = PBXTargetDependency;
			target = B49B5DFB24667D41008BF867 /* LDSwiftEventSource */;
			targetProxy = B49B5E0624667D42008BF867 /* PBXContainerItemProxy */;
		};
/* End PBXTargetDependency section */

/* Begin XCBuildConfiguration section */
		B49B5DD324667C44008BF867 /* Debug */ = {
			isa = XCBuildConfiguration;
			buildSettings = {
				ALWAYS_SEARCH_USER_PATHS = NO;
				CLANG_ANALYZER_NONNULL = YES;
				CLANG_ANALYZER_NUMBER_OBJECT_CONVERSION = YES_AGGRESSIVE;
				CLANG_CXX_LANGUAGE_STANDARD = "gnu++14";
				CLANG_CXX_LIBRARY = "libc++";
				CLANG_ENABLE_MODULES = YES;
				CLANG_ENABLE_OBJC_ARC = YES;
				CLANG_ENABLE_OBJC_WEAK = YES;
				CLANG_WARN_BLOCK_CAPTURE_AUTORELEASING = YES;
				CLANG_WARN_BOOL_CONVERSION = YES;
				CLANG_WARN_COMMA = YES;
				CLANG_WARN_CONSTANT_CONVERSION = YES;
				CLANG_WARN_DEPRECATED_OBJC_IMPLEMENTATIONS = YES;
				CLANG_WARN_DIRECT_OBJC_ISA_USAGE = YES_ERROR;
				CLANG_WARN_DOCUMENTATION_COMMENTS = YES;
				CLANG_WARN_EMPTY_BODY = YES;
				CLANG_WARN_ENUM_CONVERSION = YES;
				CLANG_WARN_INFINITE_RECURSION = YES;
				CLANG_WARN_INT_CONVERSION = YES;
				CLANG_WARN_NON_LITERAL_NULL_CONVERSION = YES;
				CLANG_WARN_OBJC_IMPLICIT_RETAIN_SELF = YES;
				CLANG_WARN_OBJC_LITERAL_CONVERSION = YES;
				CLANG_WARN_OBJC_ROOT_CLASS = YES_ERROR;
				CLANG_WARN_QUOTED_INCLUDE_IN_FRAMEWORK_HEADER = YES;
				CLANG_WARN_RANGE_LOOP_ANALYSIS = YES;
				CLANG_WARN_STRICT_PROTOTYPES = YES;
				CLANG_WARN_SUSPICIOUS_MOVE = YES;
				CLANG_WARN_UNGUARDED_AVAILABILITY = YES_AGGRESSIVE;
				CLANG_WARN_UNREACHABLE_CODE = YES;
				CLANG_WARN__DUPLICATE_METHOD_MATCH = YES;
				"CODE_SIGN_IDENTITY[sdk=iphoneos*]" = "iPhone Developer";
				"COMBINE_HIDPI_IMAGES[sdk=macosx]" = YES;
				COPY_PHASE_STRIP = NO;
				CURRENT_PROJECT_VERSION = 1;
				DEBUG_INFORMATION_FORMAT = dwarf;
				ENABLE_STRICT_OBJC_MSGSEND = YES;
				ENABLE_TESTABILITY = YES;
				GCC_C_LANGUAGE_STANDARD = gnu11;
				GCC_DYNAMIC_NO_PIC = NO;
				GCC_NO_COMMON_BLOCKS = YES;
				GCC_OPTIMIZATION_LEVEL = 0;
				GCC_PREPROCESSOR_DEFINITIONS = (
					"DEBUG=1",
					"$(inherited)",
				);
				GCC_WARN_64_TO_32_BIT_CONVERSION = YES;
				GCC_WARN_ABOUT_RETURN_TYPE = YES_ERROR;
				GCC_WARN_UNDECLARED_SELECTOR = YES;
				GCC_WARN_UNINITIALIZED_AUTOS = YES_AGGRESSIVE;
				GCC_WARN_UNUSED_FUNCTION = YES;
				GCC_WARN_UNUSED_VARIABLE = YES;
				INFOPLIST_FILE = Source/Info.plist;
				IPHONEOS_DEPLOYMENT_TARGET = 10.0;
				MACOSX_DEPLOYMENT_TARGET = 10.12;
				MTL_ENABLE_DEBUG_INFO = INCLUDE_SOURCE;
				MTL_FAST_MATH = YES;
				ONLY_ACTIVE_ARCH = YES;
				PRODUCT_BUNDLE_IDENTIFIER = com.launchdarkly.LDSwiftEventSource;
				PRODUCT_NAME = LDSwiftEventSource;
				SDKROOT = macosx;
				SUPPORTED_PLATFORMS = "macosx iphoneos iphonesimulator appletvos appletvsimulator watchos watchsimulator";
				SWIFT_ACTIVE_COMPILATION_CONDITIONS = DEBUG;
				SWIFT_OPTIMIZATION_LEVEL = "-Onone";
				SWIFT_VERSION = 5.0;
				TVOS_DEPLOYMENT_TARGET = 10.0;
				VERSIONING_SYSTEM = "apple-generic";
				VERSION_INFO_PREFIX = "";
				WATCHOS_DEPLOYMENT_TARGET = 3.0;
			};
			name = Debug;
		};
		B49B5DD424667C44008BF867 /* Release */ = {
			isa = XCBuildConfiguration;
			buildSettings = {
				ALWAYS_SEARCH_USER_PATHS = NO;
				CLANG_ANALYZER_NONNULL = YES;
				CLANG_ANALYZER_NUMBER_OBJECT_CONVERSION = YES_AGGRESSIVE;
				CLANG_CXX_LANGUAGE_STANDARD = "gnu++14";
				CLANG_CXX_LIBRARY = "libc++";
				CLANG_ENABLE_MODULES = YES;
				CLANG_ENABLE_OBJC_ARC = YES;
				CLANG_ENABLE_OBJC_WEAK = YES;
				CLANG_WARN_BLOCK_CAPTURE_AUTORELEASING = YES;
				CLANG_WARN_BOOL_CONVERSION = YES;
				CLANG_WARN_COMMA = YES;
				CLANG_WARN_CONSTANT_CONVERSION = YES;
				CLANG_WARN_DEPRECATED_OBJC_IMPLEMENTATIONS = YES;
				CLANG_WARN_DIRECT_OBJC_ISA_USAGE = YES_ERROR;
				CLANG_WARN_DOCUMENTATION_COMMENTS = YES;
				CLANG_WARN_EMPTY_BODY = YES;
				CLANG_WARN_ENUM_CONVERSION = YES;
				CLANG_WARN_INFINITE_RECURSION = YES;
				CLANG_WARN_INT_CONVERSION = YES;
				CLANG_WARN_NON_LITERAL_NULL_CONVERSION = YES;
				CLANG_WARN_OBJC_IMPLICIT_RETAIN_SELF = YES;
				CLANG_WARN_OBJC_LITERAL_CONVERSION = YES;
				CLANG_WARN_OBJC_ROOT_CLASS = YES_ERROR;
				CLANG_WARN_QUOTED_INCLUDE_IN_FRAMEWORK_HEADER = YES;
				CLANG_WARN_RANGE_LOOP_ANALYSIS = YES;
				CLANG_WARN_STRICT_PROTOTYPES = YES;
				CLANG_WARN_SUSPICIOUS_MOVE = YES;
				CLANG_WARN_UNGUARDED_AVAILABILITY = YES_AGGRESSIVE;
				CLANG_WARN_UNREACHABLE_CODE = YES;
				CLANG_WARN__DUPLICATE_METHOD_MATCH = YES;
				"CODE_SIGN_IDENTITY[sdk=iphoneos*]" = "iPhone Developer";
				"COMBINE_HIDPI_IMAGES[sdk=macosx]" = YES;
				COPY_PHASE_STRIP = NO;
				CURRENT_PROJECT_VERSION = 1;
				DEBUG_INFORMATION_FORMAT = "dwarf-with-dsym";
				ENABLE_NS_ASSERTIONS = NO;
				ENABLE_STRICT_OBJC_MSGSEND = YES;
				GCC_C_LANGUAGE_STANDARD = gnu11;
				GCC_NO_COMMON_BLOCKS = YES;
				GCC_WARN_64_TO_32_BIT_CONVERSION = YES;
				GCC_WARN_ABOUT_RETURN_TYPE = YES_ERROR;
				GCC_WARN_UNDECLARED_SELECTOR = YES;
				GCC_WARN_UNINITIALIZED_AUTOS = YES_AGGRESSIVE;
				GCC_WARN_UNUSED_FUNCTION = YES;
				GCC_WARN_UNUSED_VARIABLE = YES;
				INFOPLIST_FILE = Source/Info.plist;
				IPHONEOS_DEPLOYMENT_TARGET = 10.0;
				MACOSX_DEPLOYMENT_TARGET = 10.12;
				MTL_ENABLE_DEBUG_INFO = NO;
				MTL_FAST_MATH = YES;
				PRODUCT_BUNDLE_IDENTIFIER = com.launchdarkly.LDSwiftEventSource;
				PRODUCT_NAME = LDSwiftEventSource;
				SDKROOT = macosx;
				SUPPORTED_PLATFORMS = "macosx iphoneos iphonesimulator appletvos appletvsimulator watchos watchsimulator";
				SWIFT_COMPILATION_MODE = wholemodule;
				SWIFT_OPTIMIZATION_LEVEL = "-O";
				SWIFT_VERSION = 5.0;
				TVOS_DEPLOYMENT_TARGET = 10.0;
				VERSIONING_SYSTEM = "apple-generic";
				VERSION_INFO_PREFIX = "";
				WATCHOS_DEPLOYMENT_TARGET = 3.0;
			};
			name = Release;
		};
		B49B5E0E24667D42008BF867 /* Debug */ = {
			isa = XCBuildConfiguration;
			buildSettings = {
				APPLICATION_EXTENSION_API_ONLY = YES;
				CODE_SIGN_STYLE = Automatic;
				DEFINES_MODULE = YES;
				DYLIB_COMPATIBILITY_VERSION = 1;
				DYLIB_CURRENT_VERSION = 1;
				DYLIB_INSTALL_NAME_BASE = "@rpath";
				ENABLE_BITCODE = YES;
				"ENABLE_BITCODE[sdk=macosx*]" = NO;
				INFOPLIST_FILE = "$(inherited)";
				INSTALL_PATH = "$(LOCAL_LIBRARY_DIR)/Frameworks";
				LD_RUNPATH_SEARCH_PATHS = (
					"$(inherited)",
					"@executable_path/Frameworks",
					"@loader_path/Frameworks",
				);
				"LD_RUNPATH_SEARCH_PATHS[sdk=macosx*]" = (
					"$(inherited)",
					"@executable_path/../Frameworks",
					"@loader_path/Frameworks",
				);
				MARKETING_VERSION = 1.3.0;
				SKIP_INSTALL = YES;
				"TARGETED_DEVICE_FAMILY[sdk=appletvos*]" = 3;
				"TARGETED_DEVICE_FAMILY[sdk=appletvsimulator*]" = 3;
				"TARGETED_DEVICE_FAMILY[sdk=iphoneos*]" = "1,2";
				"TARGETED_DEVICE_FAMILY[sdk=iphonesimulator*]" = "1,2";
				"TARGETED_DEVICE_FAMILY[sdk=watchos*]" = 4;
				"TARGETED_DEVICE_FAMILY[sdk=watchsimulator*]" = 4;
			};
			name = Debug;
		};
		B49B5E0F24667D42008BF867 /* Release */ = {
			isa = XCBuildConfiguration;
			buildSettings = {
				APPLICATION_EXTENSION_API_ONLY = YES;
				CODE_SIGN_STYLE = Automatic;
				DEFINES_MODULE = YES;
				DYLIB_COMPATIBILITY_VERSION = 1;
				DYLIB_CURRENT_VERSION = 1;
				DYLIB_INSTALL_NAME_BASE = "@rpath";
				ENABLE_BITCODE = YES;
				"ENABLE_BITCODE[sdk=macosx*]" = NO;
				INFOPLIST_FILE = "$(inherited)";
				INSTALL_PATH = "$(LOCAL_LIBRARY_DIR)/Frameworks";
				LD_RUNPATH_SEARCH_PATHS = (
					"$(inherited)",
					"@executable_path/Frameworks",
					"@loader_path/Frameworks",
				);
				"LD_RUNPATH_SEARCH_PATHS[sdk=macosx*]" = (
					"$(inherited)",
					"@executable_path/../Frameworks",
					"@loader_path/Frameworks",
				);
				MARKETING_VERSION = 1.3.0;
				SKIP_INSTALL = YES;
				"TARGETED_DEVICE_FAMILY[sdk=appletvos*]" = 3;
				"TARGETED_DEVICE_FAMILY[sdk=appletvsimulator*]" = 3;
				"TARGETED_DEVICE_FAMILY[sdk=iphoneos*]" = "1,2";
				"TARGETED_DEVICE_FAMILY[sdk=iphonesimulator*]" = "1,2";
				"TARGETED_DEVICE_FAMILY[sdk=watchos*]" = 4;
				"TARGETED_DEVICE_FAMILY[sdk=watchsimulator*]" = 4;
			};
			name = Release;
		};
		B49B5E1124667D42008BF867 /* Debug */ = {
			isa = XCBuildConfiguration;
			buildSettings = {
				ALWAYS_EMBED_SWIFT_STANDARD_LIBRARIES = YES;
				CODE_SIGN_STYLE = Automatic;
				INFOPLIST_FILE = "$(inherited)";
				LD_RUNPATH_SEARCH_PATHS = (
					"$(inherited)",
					"@executable_path/Frameworks",
					"@loader_path/Frameworks",
				);
				"LD_RUNPATH_SEARCH_PATHS[sdk=macosx*]" = (
					"$(inherited)",
					"@executable_path/../Frameworks",
					"@loader_path/../Frameworks",
				);
				PRODUCT_BUNDLE_IDENTIFIER = com.launchdarkly.LDSwiftEventSourceTests;
				PRODUCT_NAME = "$(TARGET_NAME)";
				SUPPORTED_PLATFORMS = "macosx iphoneos iphonesimulator appletvos appletvsimulator";
			};
			name = Debug;
		};
		B49B5E1224667D42008BF867 /* Release */ = {
			isa = XCBuildConfiguration;
			buildSettings = {
				ALWAYS_EMBED_SWIFT_STANDARD_LIBRARIES = YES;
				CODE_SIGN_STYLE = Automatic;
				INFOPLIST_FILE = "$(inherited)";
				LD_RUNPATH_SEARCH_PATHS = (
					"$(inherited)",
					"@executable_path/Frameworks",
					"@loader_path/Frameworks",
				);
				"LD_RUNPATH_SEARCH_PATHS[sdk=macosx*]" = (
					"$(inherited)",
					"@executable_path/../Frameworks",
					"@loader_path/../Frameworks",
				);
				PRODUCT_BUNDLE_IDENTIFIER = com.launchdarkly.LDSwiftEventSourceTests;
				PRODUCT_NAME = "$(TARGET_NAME)";
				SUPPORTED_PLATFORMS = "macosx iphoneos iphonesimulator appletvos appletvsimulator";
			};
			name = Release;
		};
/* End XCBuildConfiguration section */

/* Begin XCConfigurationList section */
		B49B5DBB24667C44008BF867 /* Build configuration list for PBXProject "LDSwiftEventSource" */ = {
			isa = XCConfigurationList;
			buildConfigurations = (
				B49B5DD324667C44008BF867 /* Debug */,
				B49B5DD424667C44008BF867 /* Release */,
			);
			defaultConfigurationIsVisible = 0;
			defaultConfigurationName = Release;
		};
		B49B5E0D24667D42008BF867 /* Build configuration list for PBXNativeTarget "LDSwiftEventSource" */ = {
			isa = XCConfigurationList;
			buildConfigurations = (
				B49B5E0E24667D42008BF867 /* Debug */,
				B49B5E0F24667D42008BF867 /* Release */,
			);
			defaultConfigurationIsVisible = 0;
			defaultConfigurationName = Release;
		};
		B49B5E1024667D42008BF867 /* Build configuration list for PBXNativeTarget "LDSwiftEventSource Tests" */ = {
			isa = XCConfigurationList;
			buildConfigurations = (
				B49B5E1124667D42008BF867 /* Debug */,
				B49B5E1224667D42008BF867 /* Release */,
			);
			defaultConfigurationIsVisible = 0;
			defaultConfigurationName = Release;
		};
/* End XCConfigurationList section */
	};
	rootObject = B49B5DB824667C44008BF867 /* Project object */;
}
